
Microsoft Visual Studio Solution File, Format Version 12.00
# Visual Studio Version 16
VisualStudioVersion = 16.0.30204.135
MinimumVisualStudioVersion = 10.0.40219.1
Project("{FAE04EC0-301F-11D3-BF4B-00C04F79EFBC}") = "ProcvicovaniOOP", "ProcvicovaniOOP\ProcvicovaniOOP.csproj", "{A807528D-9831-4F1E-9F95-6A74A8861C62}"
EndProject
Global
	GlobalSection(SolutionConfigurationPlatforms) = preSolution
		Debug|Any CPU = Debug|Any CPU
		Release|Any CPU = Release|Any CPU
	EndGlobalSection
	GlobalSection(ProjectConfigurationPlatforms) = postSolution
		{A807528D-9831-4F1E-9F95-6A74A8861C62}.Debug|Any CPU.ActiveCfg = Debug|Any CPU
		{A807528D-9831-4F1E-9F95-6A74A8861C62}.Debug|Any CPU.Build.0 = Debug|Any CPU
		{A807528D-9831-4F1E-9F95-6A74A8861C62}.Release|Any CPU.ActiveCfg = Release|Any CPU
		{A807528D-9831-4F1E-9F95-6A74A8861C62}.Release|Any CPU.Build.0 = Release|Any CPU
	EndGlobalSection
	GlobalSection(SolutionProperties) = preSolution
		HideSolutionNode = FALSE
	EndGlobalSection
	GlobalSection(ExtensibilityGlobals) = postSolution
		SolutionGuid = {5066F80D-4B5F-4887-A776-095CBC5451F9}
	EndGlobalSection
EndGlobal
